
Microsoft Visual Studio Solution File, Format Version 12.00
# Visual Studio Version 17
VisualStudioVersion = 17.13.35931.197 d17.13
MinimumVisualStudioVersion = 10.0.40219.1
Project("{8BC9CEB8-8B4A-11D0-8D11-00A0C91BC942}") = "商旅信用卡(多重继承)", "商旅信用卡(多重继承)\商旅信用卡(多重继承).vcxproj", "{C66E2F11-B8BE-4835-96DE-2B62869FD1C5}"
EndProject
Global
	GlobalSection(SolutionConfigurationPlatforms) = preSolution
		Debug|x64 = Debug|x64
		Debug|x86 = Debug|x86
		Release|x64 = Release|x64
		Release|x86 = Release|x86
	EndGlobalSection
	GlobalSection(ProjectConfigurationPlatforms) = postSolution
		{C66E2F11-B8BE-4835-96DE-2B62869FD1C5}.Debug|x64.ActiveCfg = Debug|x64
		{C66E2F11-B8BE-4835-96DE-2B62869FD1C5}.Debug|x64.Build.0 = Debug|x64
		{C66E2F11-B8BE-4835-96DE-2B62869FD1C5}.Debug|x86.ActiveCfg = Debug|Win32
		{C66E2F11-B8BE-4835-96DE-2B62869FD1C5}.Debug|x86.Build.0 = Debug|Win32
		{C66E2F11-B8BE-4835-96DE-2B62869FD1C5}.Release|x64.ActiveCfg = Release|x64
		{C66E2F11-B8BE-4835-96DE-2B62869FD1C5}.Release|x64.Build.0 = Release|x64
		{C66E2F11-B8BE-4835-96DE-2B62869FD1C5}.Release|x86.ActiveCfg = Release|Win32
		{C66E2F11-B8BE-4835-96DE-2B62869FD1C5}.Release|x86.Build.0 = Release|Win32
	EndGlobalSection
	GlobalSection(SolutionProperties) = preSolution
		HideSolutionNode = FALSE
	EndGlobalSection
	GlobalSection(ExtensibilityGlobals) = postSolution
		SolutionGuid = {AF1ED315-5ABA-47A5-8DE0-E32527F736A8}
	EndGlobalSection
EndGlobal
