
Microsoft Visual Studio Solution File, Format Version 12.00
# Visual Studio Version 17
VisualStudioVersion = 17.13.35931.197 d17.13
MinimumVisualStudioVersion = 10.0.40219.1
Project("{8BC9CEB8-8B4A-11D0-8D11-00A0C91BC942}") = "日程安排（多继承+友元函数）", "日程安排（多继承+友元函数）\日程安排（多继承+友元函数）.vcxproj", "{E3F9DDF0-07B3-4845-A4D1-9ED4670B48EE}"
EndProject
Global
	GlobalSection(SolutionConfigurationPlatforms) = preSolution
		Debug|x64 = Debug|x64
		Debug|x86 = Debug|x86
		Release|x64 = Release|x64
		Release|x86 = Release|x86
	EndGlobalSection
	GlobalSection(ProjectConfigurationPlatforms) = postSolution
		{E3F9DDF0-07B3-4845-A4D1-9ED4670B48EE}.Debug|x64.ActiveCfg = Debug|x64
		{E3F9DDF0-07B3-4845-A4D1-9ED4670B48EE}.Debug|x64.Build.0 = Debug|x64
		{E3F9DDF0-07B3-4845-A4D1-9ED4670B48EE}.Debug|x86.ActiveCfg = Debug|Win32
		{E3F9DDF0-07B3-4845-A4D1-9ED4670B48EE}.Debug|x86.Build.0 = Debug|Win32
		{E3F9DDF0-07B3-4845-A4D1-9ED4670B48EE}.Release|x64.ActiveCfg = Release|x64
		{E3F9DDF0-07B3-4845-A4D1-9ED4670B48EE}.Release|x64.Build.0 = Release|x64
		{E3F9DDF0-07B3-4845-A4D1-9ED4670B48EE}.Release|x86.ActiveCfg = Release|Win32
		{E3F9DDF0-07B3-4845-A4D1-9ED4670B48EE}.Release|x86.Build.0 = Release|Win32
	EndGlobalSection
	GlobalSection(SolutionProperties) = preSolution
		HideSolutionNode = FALSE
	EndGlobalSection
	GlobalSection(ExtensibilityGlobals) = postSolution
		SolutionGuid = {CE4C4796-F574-4C8E-86D6-EE40F40925B6}
	EndGlobalSection
EndGlobal
